core:changelogs:
  - content: "---\npackages:\n  \"@ryuugg/stanza\":\n    type: patch\n---\n\n### Faster checks on large repos\n\n`--check` and `--fix` walk each file's syntax tree with less work per node, so a whole repo run finishes sooner. Results are unchanged.\n"
    filename: 2026-10-03-cheaper-walk.md
    v: 0.0.0
  - content: "---\npackages:\n  \"@ryuugg/stanza\":\n    type: patch\n---\n\n### Faster checks and fixes across many files from npm\n\nInstalls from npm or bunx now use the same shared buffer parsing as the release binaries once a run has parsed about half a megabyte of source. Output is unchanged, and `STANZA_RAW_TRANSFER=0` still turns it off.\n"
    filename: 2026-10-03-npm-raw-transfer.md
    v: 0.0.0
core:packages:
  - changelogIds:
      - 2026-10-03-cheaper-walk.md
      - 2026-10-03-npm-raw-transfer.md
    id: npm:@ryuugg/stanza
    updated: true
npm:packages:
  - id: npm:@ryuugg/stanza
