core:changelogs:
  - content: "---\npackages:\n  \"@ryuugg/stanza\":\n    type: patch\n---\n\n### JSX element names count as uses of a binding\n\nA component used as a JSX element, such as `<Row />` or `<Icons.Close />`, now counts as a read of `Row` or `Icons`. Its declaration joins the statement that renders it, the same way any other use would. Lowercase intrinsic elements like `<div>` are not treated as bindings.\n"
    filename: 2026-10-02-jsx-element-bindings.md
    v: 0.0.0
core:packages:
  - changelogIds:
      - 2026-10-02-jsx-element-bindings.md
    id: npm:@ryuugg/stanza
    updated: true
npm:packages:
  - id: npm:@ryuugg/stanza
